
Microsoft Visual Studio Solution File, Format Version 12.00
# Visual Studio Version 16
VisualStudioVersion = 16.0.31702.278
MinimumVisualStudioVersion = 10.0.40219.1
Project("{FAE04EC0-301F-11D3-BF4B-00C04F79EFBC}") = "CompanyApplication", "CompanyApplication\CompanyApplication.csproj", "{BFC603B5-1B9A-4F16-8A19-1C0AC27621D3}"
EndProject
Global
	GlobalSection(SolutionConfigurationPlatforms) = preSolution
		Debug|Any CPU = Debug|Any CPU
		Release|Any CPU = Release|Any CPU
	EndGlobalSection
	GlobalSection(ProjectConfigurationPlatforms) = postSolution
		{BFC603B5-1B9A-4F16-8A19-1C0AC27621D3}.Debug|Any CPU.ActiveCfg = Debug|Any CPU
		{BFC603B5-1B9A-4F16-8A19-1C0AC27621D3}.Debug|Any CPU.Build.0 = Debug|Any CPU
		{BFC603B5-1B9A-4F16-8A19-1C0AC27621D3}.Release|Any CPU.ActiveCfg = Release|Any CPU
		{BFC603B5-1B9A-4F16-8A19-1C0AC27621D3}.Release|Any CPU.Build.0 = Release|Any CPU
	EndGlobalSection
	GlobalSection(SolutionProperties) = preSolution
		HideSolutionNode = FALSE
	EndGlobalSection
	GlobalSection(ExtensibilityGlobals) = postSolution
		SolutionGuid = {5A3E8550-1B35-411D-B11F-4EAA95314C7E}
	EndGlobalSection
EndGlobal
